{
  "requires": true,
  "lockfileVersion": 1,
  "dependencies": {
    "angular": {
      "version": "1.7.9",
      "resolved": "https://registry.npmjs.org/angular/-/angular-1.7.9.tgz",
      "integrity": "sha512-5se7ZpcOtu0MBFlzGv5dsM1quQDoDeUTwZrWjGtTNA7O88cD8TEk5IEKCTDa3uECV9XnvKREVUr7du1ACiWGFQ=="
    },
    "angular-mocks": {
      "version": "1.7.9",
      "resolved": "https://registry.npmjs.org/angular-mocks/-/angular-mocks-1.7.9.tgz",
      "integrity": "sha512-LQRqqiV3sZ7NTHBnNmLT0bXtE5e81t97+hkJ56oU0k3dqKv1s6F+nBWRlOVzqHWPGFOiPS8ZJVdrS8DFzHyNIA=="
    },
    "isexe": {
      "version": "2.0.0",
      "resolved": "https://registry.npmjs.org/isexe/-/isexe-2.0.0.tgz",
      "integrity": "sha1-6PvzdNxVb/iUehDcsFctYz8s+hA=",
      "dev": true
    },
    "jasmine-core": {
      "version": "3.5.0",
      "resolved": "https://registry.npmjs.org/jasmine-core/-/jasmine-core-3.5.0.tgz",
      "integrity": "sha512-nCeAiw37MIMA9w9IXso7bRaLl+c/ef3wnxsoSAlYrzS+Ot0zTG6nU8G/cIfGkqpkjX2wNaIW9RFG0TwIFnG6bA=="
    },
    "karma-chrome-launcher": {
      "version": "3.1.0",
      "resolved": "https://registry.npmjs.org/karma-chrome-launcher/-/karma-chrome-launcher-3.1.0.tgz",
      "integrity": "sha512-3dPs/n7vgz1rxxtynpzZTvb9y/GIaW8xjAwcIGttLbycqoFtI7yo1NGnQi6oFTherRE+GIhCAHZC4vEqWGhNvg==",
      "dev": true,
      "requires": {
        "which": "^1.2.1"
      }
    },
    "karma-jasmine": {
      "version": "3.1.1",
      "resolved": "https://registry.npmjs.org/karma-jasmine/-/karma-jasmine-3.1.1.tgz",
      "integrity": "sha512-pxBmv5K7IkBRLsFSTOpgiK/HzicQT3mfFF+oHAC7nxMfYKhaYFgxOa5qjnHW4sL5rUnmdkSajoudOnnOdPyW4Q==",
      "requires": {
        "jasmine-core": "^3.5.0"
      }
    },
    "which": {
      "version": "1.3.1",
      "resolved": "https://registry.npmjs.org/which/-/which-1.3.1.tgz",
      "integrity": "sha512-HxJdYWq1MTIQbJ3nw0cqssHoTNU267KlrDuGZ1WYlxDStUtKUhOaJmh112/TZmHxxUfuJqPXSOm7tDyas0OSIQ==",
      "dev": true,
      "requires": {
        "isexe": "^2.0.0"
      }
    }
  }
}
